{
  "nodes": {
    "calculator": {
      "flake": false,
      "locked": {
        "lastModified": 1770921929,
        "narHash": "sha256-bhV22bL38CJp58Y8tCY8sEBRYxmuk671fEymmdg0Yuk=",
        "owner": "alcxyz",
        "repo": "DankCalculator",
        "rev": "07d7c123a5aee9ac4fd4347bbae36d5957b021f9",
        "type": "github"
      },
      "original": {
        "owner": "alcxyz",
        "repo": "DankCalculator",
        "type": "github"
      }
    },
    "dankcalendar": {
      "flake": false,
      "locked": {
        "lastModified": 1777357944,
        "narHash": "sha256-vDVOozlPJVC75Q6xIGPZp9OWjRZnIw+7we+DobtepB8=",
        "owner": "alcxyz",
        "repo": "DankCalendar",
        "rev": "a73329b2d6610ca2b7f6d665c6e0a89a22848ab4",
        "type": "github"
      },
      "original": {
        "owner": "alcxyz",
        "repo": "DankCalendar",
        "type": "github"
      }
    },
    "diskusage": {
      "flake": false,
      "locked": {
        "lastModified": 1777358064,
        "narHash": "sha256-QoUclB99FjxxMD+5Jy7x4+fbl1e5aALeKwa7qf2rfPE=",
        "owner": "alcxyz",
        "repo": "DankDiskUsage",
        "rev": "5836d380883a9d201ff128539f547b36eaa9fcba",
        "type": "github"
      },
      "original": {
        "owner": "alcxyz",
        "repo": "DankDiskUsage",
        "type": "github"
      }
    },
    "firstparty": {
      "flake": false,
      "locked": {
        "lastModified": 1777324456,
        "narHash": "sha256-QgeeB6Ix8L5oaqTUCopPvGu6vr0ECsF+jO3mQIxPKIw=",
        "owner": "AvengeMedia",
        "repo": "dms-plugins",
        "rev": "9e2752586d79a6509b93c00c6fa4be0334ae4755",
        "type": "github"
      },
      "original": {
        "owner": "AvengeMedia",
        "repo": "dms-plugins",
        "type": "github"
      }
    },
    "quicksearch": {
      "flake": false,
      "locked": {
        "lastModified": 1777358091,
        "narHash": "sha256-qJ7sVQhb8kf6hYbgQDYbkvP+uHOLXDdPObc+BP17kVg=",
        "owner": "alcxyz",
        "repo": "DankQuickSearch",
        "rev": "fd5c541f966b3b49fb857abc6e4b62472e5d1df7",
        "type": "github"
      },
      "original": {
        "owner": "alcxyz",
        "repo": "DankQuickSearch",
        "type": "github"
      }
    },
    "root": {
      "inputs": {
        "calculator": "calculator",
        "dankcalendar": "dankcalendar",
        "diskusage": "diskusage",
        "firstparty": "firstparty",
        "quicksearch": "quicksearch",
        "spotify": "spotify",
        "translate": "translate",
        "vault": "vault",
        "worldclock": "worldclock"
      }
    },
    "spotify": {
      "flake": false,
      "locked": {
        "lastModified": 1777358079,
        "narHash": "sha256-coojsn6RzZRaVbrtRoyv5gAu5VQjF3/nRl+I7dsWHq4=",
        "owner": "alcxyz",
        "repo": "DankSpotify",
        "rev": "da1a0a79473dc72cd4969c4a37d09575533232b8",
        "type": "github"
      },
      "original": {
        "owner": "alcxyz",
        "repo": "DankSpotify",
        "type": "github"
      }
    },
    "translate": {
      "flake": false,
      "locked": {
        "lastModified": 1777358100,
        "narHash": "sha256-CFmqfd2a4vMWgpT6EgPfLcEU/EquW2iaQ6q2wH0cc70=",
        "owner": "alcxyz",
        "repo": "DankTranslate",
        "rev": "a0892945e1e84bdcca1908ee966b3ca50f5eb8b6",
        "type": "github"
      },
      "original": {
        "owner": "alcxyz",
        "repo": "DankTranslate",
        "type": "github"
      }
    },
    "vault": {
      "flake": false,
      "locked": {
        "lastModified": 1777358099,
        "narHash": "sha256-hE1Wpp9T/ircuHLyMEZB6j7pidlbc79ij//jO5yuz0Y=",
        "owner": "alcxyz",
        "repo": "DankVault",
        "rev": "c60ab6fa627c06d8077280f47e1ed36d823a8e9b",
        "type": "github"
      },
      "original": {
        "owner": "alcxyz",
        "repo": "DankVault",
        "type": "github"
      }
    },
    "worldclock": {
      "flake": false,
      "locked": {
        "lastModified": 1772134198,
        "narHash": "sha256-g1MB9gzYQYvn0LuGSbwAzqParC6XOKJK8PtttsdwF14=",
        "owner": "alcxyz",
        "repo": "WorldClock",
        "rev": "061752535b5b38f8290edb7108a25cb5f779d405",
        "type": "github"
      },
      "original": {
        "owner": "alcxyz",
        "repo": "WorldClock",
        "type": "github"
      }
    }
  },
  "root": "root",
  "version": 7
}
