{
  "nodes": {
    "aiusage": {
      "flake": false,
      "locked": {
        "lastModified": 1790230977,
        "narHash": "sha256-43aPgMudUnVRqjYnbqNSxK6N5vg7oEeSwE0e1OsQYtI=",
        "owner": "alcxyz",
        "repo": "DankAIUsage",
        "rev": "4c655e0083b95f880c1fffbf42b17ec99c5a96cb",
        "type": "github"
      },
      "original": {
        "owner": "alcxyz",
        "ref": "main",
        "repo": "DankAIUsage",
        "type": "github"
      }
    },
    "calculator": {
      "flake": false,
      "locked": {
        "lastModified": 1770921929,
        "narHash": "sha256-bhV22bL38CJp58Y8tCY8sEBRYxmuk671fEymmdg0Yuk=",
        "owner": "alcxyz",
        "repo": "DankCalculator",
        "rev": "07d7c123a5aee9ac4fd4347bbae36d5957b021f9",
        "type": "github"
      },
      "original": {
        "owner": "alcxyz",
        "ref": "main",
        "repo": "DankCalculator",
        "type": "github"
      }
    },
    "dankcalendar": {
      "flake": false,
      "locked": {
        "lastModified": 1790230881,
        "narHash": "sha256-oJCKcZJw2Bi5rKqxw4G0zbQNZiNoZz2IiU06G3yU29A=",
        "owner": "alcxyz",
        "repo": "DankCalendar",
        "rev": "ba4d507081e9e3412c3d62b8531747ac12983b0b",
        "type": "github"
      },
      "original": {
        "owner": "alcxyz",
        "ref": "main",
        "repo": "DankCalendar",
        "type": "github"
      }
    },
    "danksession": {
      "flake": false,
      "locked": {
        "lastModified": 1790230900,
        "narHash": "sha256-8DPFiXlcm2xiIDw5k0D1SuvwrErqvYQXEUKcvPm4KBk=",
        "owner": "alcxyz",
        "repo": "DankSession",
        "rev": "e367f94b3b950ed0a0986de1c1d185551d3424df",
        "type": "github"
      },
      "original": {
        "owner": "alcxyz",
        "ref": "main",
        "repo": "DankSession",
        "type": "github"
      }
    },
    "diskusage": {
      "flake": false,
      "locked": {
        "lastModified": 1790230886,
        "narHash": "sha256-SyLiUonCtm3SiAoIMdkzN+BHEFEkjikPv0VrJC1iqlM=",
        "owner": "alcxyz",
        "repo": "DankDiskUsage",
        "rev": "ccd6c57018377023523bf7263ba454b828856355",
        "type": "github"
      },
      "original": {
        "owner": "alcxyz",
        "ref": "main",
        "repo": "DankDiskUsage",
        "type": "github"
      }
    },
    "displaycontrol": {
      "flake": false,
      "locked": {
        "lastModified": 1790230736,
        "narHash": "sha256-vsQojjD7Omt7TkOC5SkhxaKIzoJGCD72j7iFPajDsiU=",
        "owner": "alcxyz",
        "repo": "DankDisplayControl",
        "rev": "9c3389199224876de531c6a1c5a3208919510387",
        "type": "github"
      },
      "original": {
        "owner": "alcxyz",
        "ref": "dev",
        "repo": "DankDisplayControl",
        "type": "github"
      }
    },
    "firstparty": {
      "flake": false,
      "locked": {
        "lastModified": 1790186958,
        "narHash": "sha256-92NjKVTslsbSVJMnxV4SaL7o0vZ1/mxaKdcRJr7EoqI=",
        "owner": "AvengeMedia",
        "repo": "dms-plugins",
        "rev": "e774a9756f2a50499c37a5513f28bee4ebe81d73",
        "type": "github"
      },
      "original": {
        "owner": "AvengeMedia",
        "repo": "dms-plugins",
        "type": "github"
      }
    },
    "quicksearch": {
      "flake": false,
      "locked": {
        "lastModified": 1790230892,
        "narHash": "sha256-JaRbFBRPeS6pYufE3HcNb9tftN1+wqqY+t+Rd8zcY44=",
        "owner": "alcxyz",
        "repo": "DankQuickSearch",
        "rev": "cba2b8f4d9e2c974a6ea2813e479827eab7817a4",
        "type": "github"
      },
      "original": {
        "owner": "alcxyz",
        "ref": "main",
        "repo": "DankQuickSearch",
        "type": "github"
      }
    },
    "root": {
      "inputs": {
        "aiusage": "aiusage",
        "calculator": "calculator",
        "dankcalendar": "dankcalendar",
        "danksession": "danksession",
        "diskusage": "diskusage",
        "displaycontrol": "displaycontrol",
        "firstparty": "firstparty",
        "quicksearch": "quicksearch",
        "screenshot": "screenshot",
        "spotify": "spotify",
        "translate": "translate",
        "vault": "vault",
        "worldclock": "worldclock"
      }
    },
    "screenshot": {
      "flake": false,
      "locked": {
        "lastModified": 1786173229,
        "narHash": "sha256-TjX+mcEdbl///VGCkjD2Cve17SBTV0PRbyEE8P0WbI4=",
        "owner": "alcxyz",
        "repo": "DMS-Screenshot",
        "rev": "663eecc48d8532143c5995148aa561122d6bfd7e",
        "type": "github"
      },
      "original": {
        "owner": "alcxyz",
        "ref": "main",
        "repo": "DMS-Screenshot",
        "type": "github"
      }
    },
    "spotify": {
      "flake": false,
      "locked": {
        "lastModified": 1790230905,
        "narHash": "sha256-RB4kHxyiRhYvj9iyQPZ82QgWoD1gYlO8zpgoJJWvuXs=",
        "owner": "alcxyz",
        "repo": "DankSpotify",
        "rev": "8b1c5daa70638782a8fbdaa8749a9ea3ba77daf1",
        "type": "github"
      },
      "original": {
        "owner": "alcxyz",
        "ref": "main",
        "repo": "DankSpotify",
        "type": "github"
      }
    },
    "translate": {
      "flake": false,
      "locked": {
        "lastModified": 1790230916,
        "narHash": "sha256-UGIIA/rQW+vVqroefGXCxiP6BgZO9nY6UeeN3Xjjfok=",
        "owner": "alcxyz",
        "repo": "DankTranslate",
        "rev": "5f7d40b0902985c4990f3da24f373ba28a0e1895",
        "type": "github"
      },
      "original": {
        "owner": "alcxyz",
        "ref": "main",
        "repo": "DankTranslate",
        "type": "github"
      }
    },
    "vault": {
      "flake": false,
      "locked": {
        "lastModified": 1790230973,
        "narHash": "sha256-wmoWsCAWjkpAS3vJxR/R61rwRzzpEsvlTs1V4evuY+4=",
        "owner": "alcxyz",
        "repo": "DankVault",
        "rev": "b88d0dccb40d0c4a651349dbf50f416625c9d8a9",
        "type": "github"
      },
      "original": {
        "owner": "alcxyz",
        "ref": "dev",
        "repo": "DankVault",
        "type": "github"
      }
    },
    "worldclock": {
      "flake": false,
      "locked": {
        "lastModified": 1772134198,
        "narHash": "sha256-g1MB9gzYQYvn0LuGSbwAzqParC6XOKJK8PtttsdwF14=",
        "owner": "alcxyz",
        "repo": "WorldClock",
        "rev": "061752535b5b38f8290edb7108a25cb5f779d405",
        "type": "github"
      },
      "original": {
        "owner": "alcxyz",
        "ref": "main",
        "repo": "WorldClock",
        "type": "github"
      }
    }
  },
  "root": "root",
  "version": 7
}
