{
  "nodes": {
    "calculator": {
      "flake": false,
      "locked": {
        "lastModified": 1770921929,
        "narHash": "sha256-bhV22bL38CJp58Y8tCY8sEBRYxmuk671fEymmdg0Yuk=",
        "owner": "alcxyz",
        "repo": "DankCalculator",
        "rev": "07d7c123a5aee9ac4fd4347bbae36d5957b021f9",
        "type": "github"
      },
      "original": {
        "owner": "alcxyz",
        "ref": "main",
        "repo": "DankCalculator",
        "type": "github"
      }
    },
    "dankcalendar": {
      "flake": false,
      "locked": {
        "lastModified": 1777826819,
        "narHash": "sha256-WzL9u4qb4RWE2Pm/+UuTM6+JxqACuN1wZEGExiXvL6w=",
        "owner": "alcxyz",
        "repo": "DankCalendar",
        "rev": "245db3195972730c2c27b13efdbcb5c823d4d6f3",
        "type": "github"
      },
      "original": {
        "owner": "alcxyz",
        "ref": "main",
        "repo": "DankCalendar",
        "type": "github"
      }
    },
    "diskusage": {
      "flake": false,
      "locked": {
        "lastModified": 1777765438,
        "narHash": "sha256-H+Yap8AgXmOK6w8NIr/HGSDUTK2MHwj0J2otTLOB6xs=",
        "owner": "alcxyz",
        "repo": "DankDiskUsage",
        "rev": "0c39eb869c7a3007136f12125b1527988c44858f",
        "type": "github"
      },
      "original": {
        "owner": "alcxyz",
        "ref": "main",
        "repo": "DankDiskUsage",
        "type": "github"
      }
    },
    "firstparty": {
      "flake": false,
      "locked": {
        "lastModified": 1777324456,
        "narHash": "sha256-QgeeB6Ix8L5oaqTUCopPvGu6vr0ECsF+jO3mQIxPKIw=",
        "owner": "AvengeMedia",
        "repo": "dms-plugins",
        "rev": "9e2752586d79a6509b93c00c6fa4be0334ae4755",
        "type": "github"
      },
      "original": {
        "owner": "AvengeMedia",
        "repo": "dms-plugins",
        "type": "github"
      }
    },
    "quicksearch": {
      "flake": false,
      "locked": {
        "lastModified": 1778317374,
        "narHash": "sha256-InNv8f7T1tafoWAeaHHoB0VrLL3cE4L7xV+2HtM8YK8=",
        "owner": "alcxyz",
        "repo": "DankQuickSearch",
        "rev": "46d4bf2a8f50f8c1ead1625c694aae12b907896f",
        "type": "github"
      },
      "original": {
        "owner": "alcxyz",
        "ref": "main",
        "repo": "DankQuickSearch",
        "type": "github"
      }
    },
    "root": {
      "inputs": {
        "calculator": "calculator",
        "dankcalendar": "dankcalendar",
        "diskusage": "diskusage",
        "firstparty": "firstparty",
        "quicksearch": "quicksearch",
        "spotify": "spotify",
        "translate": "translate",
        "vault": "vault",
        "worldclock": "worldclock"
      }
    },
    "spotify": {
      "flake": false,
      "locked": {
        "lastModified": 1778317374,
        "narHash": "sha256-r7Ye/jBUtvrpN54LTcv97QxJFhs4r3UCTwXpxMXVsO4=",
        "owner": "alcxyz",
        "repo": "DankSpotify",
        "rev": "df591c1b44ebb3b58ecc904e4d14162f9132d577",
        "type": "github"
      },
      "original": {
        "owner": "alcxyz",
        "ref": "main",
        "repo": "DankSpotify",
        "type": "github"
      }
    },
    "translate": {
      "flake": false,
      "locked": {
        "lastModified": 1778317374,
        "narHash": "sha256-4gu/UjGb28y0juK1sZ/Q75Ywht79l+3d8FSfGswIz+4=",
        "owner": "alcxyz",
        "repo": "DankTranslate",
        "rev": "2ffa59f25f5e0f150ca284ff1edee34378887087",
        "type": "github"
      },
      "original": {
        "owner": "alcxyz",
        "ref": "main",
        "repo": "DankTranslate",
        "type": "github"
      }
    },
    "vault": {
      "flake": false,
      "locked": {
        "lastModified": 1778317374,
        "narHash": "sha256-1qs00e+JdAAgT98iFvGt8jIITE8BFU18u3ayshdQpm0=",
        "owner": "alcxyz",
        "repo": "DankVault",
        "rev": "85b240439fd4d907cdb3288df1d4cab58fdc312a",
        "type": "github"
      },
      "original": {
        "owner": "alcxyz",
        "ref": "main",
        "repo": "DankVault",
        "type": "github"
      }
    },
    "worldclock": {
      "flake": false,
      "locked": {
        "lastModified": 1772134198,
        "narHash": "sha256-g1MB9gzYQYvn0LuGSbwAzqParC6XOKJK8PtttsdwF14=",
        "owner": "alcxyz",
        "repo": "WorldClock",
        "rev": "061752535b5b38f8290edb7108a25cb5f779d405",
        "type": "github"
      },
      "original": {
        "owner": "alcxyz",
        "ref": "main",
        "repo": "WorldClock",
        "type": "github"
      }
    }
  },
  "root": "root",
  "version": 7
}
